{
  "name": "yaml-import-loader",
  "version": "0.0.1",
  "lockfileVersion": 1,
  "dependencies": {
    "argparse": {
      "version": "1.0.9",
      "resolved": "https://registry.npmjs.org/argparse/-/argparse-1.0.9.tgz",
      "integrity": "sha1-c9g7wmP4bpf4zE9rrhsOkKfSLIY="
    },
    "js-yaml": {
      "version": "3.5.2",
      "resolved": "https://registry.npmjs.org/js-yaml/-/js-yaml-3.5.2.tgz",
      "integrity": "sha1-Rqdv7+7J7GbLTnH67wcRjGvyRuk=",
      "dependencies": {
        "esprima": {
          "version": "2.7.3",
          "resolved": "https://registry.npmjs.org/esprima/-/esprima-2.7.3.tgz",
          "integrity": "sha1-luO3DVd59q1JzQMmc9HDEnZ7pYE="
        }
      }
    },
    "sprintf-js": {
      "version": "1.0.3",
      "resolved": "https://registry.npmjs.org/sprintf-js/-/sprintf-js-1.0.3.tgz",
      "integrity": "sha1-BOaSb2YolTVPPdAVIDYzuFcpfiw="
    }
  }
}
